
Microsoft Visual Studio Solution File, Format Version 12.00
# Visual Studio Version 16
VisualStudioVersion = 25.0.1706.9
MinimumVisualStudioVersion = 10.0.40219.1
Project("{FAE04EC0-301F-11D3-BF4B-00C04F79EFBC}") = "CS3", "CS3\CS3.csproj", "{AF9D67BD-DF9D-4A69-B374-366FD1E0D701}"
EndProject
Global
	GlobalSection(SolutionConfigurationPlatforms) = preSolution
		Debug|Any CPU = Debug|Any CPU
		Release|Any CPU = Release|Any CPU
	EndGlobalSection
	GlobalSection(ProjectConfigurationPlatforms) = postSolution
		{AF9D67BD-DF9D-4A69-B374-366FD1E0D701}.Debug|Any CPU.ActiveCfg = Debug|Any CPU
		{AF9D67BD-DF9D-4A69-B374-366FD1E0D701}.Debug|Any CPU.Build.0 = Debug|Any CPU
		{AF9D67BD-DF9D-4A69-B374-366FD1E0D701}.Release|Any CPU.ActiveCfg = Release|Any CPU
		{AF9D67BD-DF9D-4A69-B374-366FD1E0D701}.Release|Any CPU.Build.0 = Release|Any CPU
	EndGlobalSection
	GlobalSection(SolutionProperties) = preSolution
		HideSolutionNode = FALSE
	EndGlobalSection
	GlobalSection(ExtensibilityGlobals) = postSolution
		SolutionGuid = {0247F96A-2C12-4814-9216-03C07A178004}
	EndGlobalSection
EndGlobal
